// !$*UTF8*$!
{
	archiveVersion = 1;
	classes = {
	};
	objectVersion = 46;
	objects = {

/* Begin PBXBuildFile section */
		323576151E17C2BB007F6529 /* shader.frag in CopyFiles */ = {isa = PBXBuildFile; fileRef = 3272AE2B1DF29B5A003E56FA /* shader.frag */; };
		323576161E17C2C0007F6529 /* shader.vert in CopyFiles */ = {isa = PBXBuildFile; fileRef = 3272AE2A1DF29B4B003E56FA /* shader.vert */; };
		323576191E17C913007F6529 /* libGLEW.a in Frameworks */ = {isa = PBXBuildFile; fileRef = 323576181E17C913007F6529 /* libGLEW.a */; };
		3235761B1E17C9A3007F6529 /* shader_utils.cpp in Sources */ = {isa = PBXBuildFile; fileRef = 3235761A1E17C9A3007F6529 /* shader_utils.cpp */; };
		3272AE1E1DF2974E003E56FA /* main.cpp in Sources */ = {isa = PBXBuildFile; fileRef = 3272AE1D1DF2974E003E56FA /* main.cpp */; };
		3272AE201DF2974E003E56FA /* OpenGLSample.1 in CopyFiles */ = {isa = PBXBuildFile; fileRef = 3272AE1F1DF2974E003E56FA /* OpenGLSample.1 */; };
		3272AE281DF29769003E56FA /* GLUT.framework in Frameworks */ = {isa = PBXBuildFile; fileRef = 3272AE261DF29769003E56FA /* GLUT.framework */; };
		3272AE291DF29769003E56FA /* OpenGL.framework in Frameworks */ = {isa = PBXBuildFile; fileRef = 3272AE271DF29769003E56FA /* OpenGL.framework */; };
/* End PBXBuildFile section */

/* Begin PBXCopyFilesBuildPhase section */
		3272AE181DF2974E003E56FA /* CopyFiles */ = {
			isa = PBXCopyFilesBuildPhase;
			buildActionMask = 12;
			dstPath = "";
			dstSubfolderSpec = 16;
			files = (
				323576161E17C2C0007F6529 /* shader.vert in CopyFiles */,
				323576151E17C2BB007F6529 /* shader.frag in CopyFiles */,
				3272AE201DF2974E003E56FA /* OpenGLSample.1 in CopyFiles */,
			);
			runOnlyForDeploymentPostprocessing = 0;
		};
/* End PBXCopyFilesBuildPhase section */

/* Begin PBXFileReference section */
		323576171E17C6FB007F6529 /* shader_utils.h */ = {isa = PBXFileReference; lastKnownFileType = sourcecode.c.h; path = shader_utils.h; sourceTree = "<group>"; };
		323576181E17C913007F6529 /* libGLEW.a */ = {isa = PBXFileReference; lastKnownFileType = archive.ar; name = libGLEW.a; path = ../../../../../usr/local/lib/libGLEW.a; sourceTree = "<group>"; };
		3235761A1E17C9A3007F6529 /* shader_utils.cpp */ = {isa = PBXFileReference; fileEncoding = 4; lastKnownFileType = sourcecode.cpp.cpp; path = shader_utils.cpp; sourceTree = "<group>"; };
		3272AE1A1DF2974E003E56FA /* OpenGLSample */ = {isa = PBXFileReference; explicitFileType = "compiled.mach-o.executable"; includeInIndex = 0; path = OpenGLSample; sourceTree = BUILT_PRODUCTS_DIR; };
		3272AE1D1DF2974E003E56FA /* main.cpp */ = {isa = PBXFileReference; lastKnownFileType = sourcecode.cpp.cpp; path = main.cpp; sourceTree = "<group>"; };
		3272AE1F1DF2974E003E56FA /* OpenGLSample.1 */ = {isa = PBXFileReference; lastKnownFileType = text.man; path = OpenGLSample.1; sourceTree = "<group>"; };
		3272AE261DF29769003E56FA /* GLUT.framework */ = {isa = PBXFileReference; lastKnownFileType = wrapper.framework; name = GLUT.framework; path = System/Library/Frameworks/GLUT.framework; sourceTree = SDKROOT; };
		3272AE271DF29769003E56FA /* OpenGL.framework */ = {isa = PBXFileReference; lastKnownFileType = wrapper.framework; name = OpenGL.framework; path = System/Library/Frameworks/OpenGL.framework; sourceTree = SDKROOT; };
		3272AE2A1DF29B4B003E56FA /* shader.vert */ = {isa = PBXFileReference; fileEncoding = 4; lastKnownFileType = sourcecode.glsl; path = shader.vert; sourceTree = "<group>"; };
		3272AE2B1DF29B5A003E56FA /* shader.frag */ = {isa = PBXFileReference; fileEncoding = 4; lastKnownFileType = sourcecode.glsl; path = shader.frag; sourceTree = "<group>"; };
/* End PBXFileReference section */

/* Begin PBXFrameworksBuildPhase section */
		3272AE171DF2974E003E56FA /* Frameworks */ = {
			isa = PBXFrameworksBuildPhase;
			buildActionMask = 2147483647;
			files = (
				3272AE281DF29769003E56FA /* GLUT.framework in Frameworks */,
				3272AE291DF29769003E56FA /* OpenGL.framework in Frameworks */,
				323576191E17C913007F6529 /* libGLEW.a in Frameworks */,
			);
			runOnlyForDeploymentPostprocessing = 0;
		};
/* End PBXFrameworksBuildPhase section */

/* Begin PBXGroup section */
		3272AE111DF2974E003E56FA = {
			isa = PBXGroup;
			children = (
				323576181E17C913007F6529 /* libGLEW.a */,
				3272AE261DF29769003E56FA /* GLUT.framework */,
				3272AE271DF29769003E56FA /* OpenGL.framework */,
				3272AE1C1DF2974E003E56FA /* OpenGLSample */,
				3272AE1B1DF2974E003E56FA /* Products */,
			);
			sourceTree = "<group>";
		};
		3272AE1B1DF2974E003E56FA /* Products */ = {
			isa = PBXGroup;
			children = (
				3272AE1A1DF2974E003E56FA /* OpenGLSample */,
			);
			name = Products;
			sourceTree = "<group>";
		};
		3272AE1C1DF2974E003E56FA /* OpenGLSample */ = {
			isa = PBXGroup;
			children = (
				3272AE2A1DF29B4B003E56FA /* shader.vert */,
				3272AE1D1DF2974E003E56FA /* main.cpp */,
				3272AE1F1DF2974E003E56FA /* OpenGLSample.1 */,
				3272AE2B1DF29B5A003E56FA /* shader.frag */,
				323576171E17C6FB007F6529 /* shader_utils.h */,
				3235761A1E17C9A3007F6529 /* shader_utils.cpp */,
			);
			path = OpenGLSample;
			sourceTree = "<group>";
		};
/* End PBXGroup section */

/* Begin PBXNativeTarget section */
		3272AE191DF2974E003E56FA /* OpenGLSample */ = {
			isa = PBXNativeTarget;
			buildConfigurationList = 3272AE231DF2974E003E56FA /* Build configuration list for PBXNativeTarget "OpenGLSample" */;
			buildPhases = (
				3272AE161DF2974E003E56FA /* Sources */,
				3272AE171DF2974E003E56FA /* Frameworks */,
				3272AE181DF2974E003E56FA /* CopyFiles */,
			);
			buildRules = (
			);
			dependencies = (
			);
			name = OpenGLSample;
			productName = OpenGLSample;
			productReference = 3272AE1A1DF2974E003E56FA /* OpenGLSample */;
			productType = "com.apple.product-type.tool";
		};
/* End PBXNativeTarget section */

/* Begin PBXProject section */
		3272AE121DF2974E003E56FA /* Project object */ = {
			isa = PBXProject;
			attributes = {
				LastUpgradeCheck = 0510;
				ORGANIZATIONNAME = "___FULLUSERNAME___";
			};
			buildConfigurationList = 3272AE151DF2974E003E56FA /* Build configuration list for PBXProject "OpenGLSample" */;
			compatibilityVersion = "Xcode 3.2";
			developmentRegion = English;
			hasScannedForEncodings = 0;
			knownRegions = (
				en,
			);
			mainGroup = 3272AE111DF2974E003E56FA;
			productRefGroup = 3272AE1B1DF2974E003E56FA /* Products */;
			projectDirPath = "";
			projectRoot = "";
			targets = (
				3272AE191DF2974E003E56FA /* OpenGLSample */,
			);
		};
/* End PBXProject section */

/* Begin PBXSourcesBuildPhase section */
		3272AE161DF2974E003E56FA /* Sources */ = {
			isa = PBXSourcesBuildPhase;
			buildActionMask = 2147483647;
			files = (
				3235761B1E17C9A3007F6529 /* shader_utils.cpp in Sources */,
				3272AE1E1DF2974E003E56FA /* main.cpp in Sources */,
			);
			runOnlyForDeploymentPostprocessing = 0;
		};
/* End PBXSourcesBuildPhase section */

/* Begin XCBuildConfiguration section */
		3272AE211DF2974E003E56FA /* Debug */ = {
			isa = XCBuildConfiguration;
			buildSettings = {
				ALWAYS_SEARCH_USER_PATHS = NO;
				CLANG_CXX_LANGUAGE_STANDARD = "gnu++0x";
				CLANG_CXX_LIBRARY = "libc++";
				CLANG_ENABLE_MODULES = YES;
				CLANG_ENABLE_OBJC_ARC = YES;
				CLANG_WARN_BOOL_CONVERSION = YES;
				CLANG_WARN_CONSTANT_CONVERSION = YES;
				CLANG_WARN_DIRECT_OBJC_ISA_USAGE = YES_ERROR;
				CLANG_WARN_EMPTY_BODY = YES;
				CLANG_WARN_ENUM_CONVERSION = YES;
				CLANG_WARN_INT_CONVERSION = YES;
				CLANG_WARN_OBJC_ROOT_CLASS = YES_ERROR;
				CLANG_WARN__DUPLICATE_METHOD_MATCH = YES;
				COPY_PHASE_STRIP = NO;
				GCC_C_LANGUAGE_STANDARD = gnu99;
				GCC_DYNAMIC_NO_PIC = NO;
				GCC_ENABLE_OBJC_EXCEPTIONS = YES;
				GCC_OPTIMIZATION_LEVEL = 0;
				GCC_PREPROCESSOR_DEFINITIONS = (
					"DEBUG=1",
					"$(inherited)",
				);
				GCC_SYMBOLS_PRIVATE_EXTERN = NO;
				GCC_WARN_64_TO_32_BIT_CONVERSION = YES;
				GCC_WARN_ABOUT_RETURN_TYPE = YES_ERROR;
				GCC_WARN_UNDECLARED_SELECTOR = YES;
				GCC_WARN_UNINITIALIZED_AUTOS = YES_AGGRESSIVE;
				GCC_WARN_UNUSED_FUNCTION = YES;
				GCC_WARN_UNUSED_VARIABLE = YES;
				MACOSX_DEPLOYMENT_TARGET = 10.9;
				ONLY_ACTIVE_ARCH = YES;
				SDKROOT = macosx;
			};
			name = Debug;
		};
		3272AE221DF2974E003E56FA /* Release */ = {
			isa = XCBuildConfiguration;
			buildSettings = {
				ALWAYS_SEARCH_USER_PATHS = NO;
				CLANG_CXX_LANGUAGE_STANDARD = "gnu++0x";
				CLANG_CXX_LIBRARY = "libc++";
				CLANG_ENABLE_MODULES = YES;
				CLANG_ENABLE_OBJC_ARC = YES;
				CLANG_WARN_BOOL_CONVERSION = YES;
				CLANG_WARN_CONSTANT_CONVERSION = YES;
				CLANG_WARN_DIRECT_OBJC_ISA_USAGE = YES_ERROR;
				CLANG_WARN_EMPTY_BODY = YES;
				CLANG_WARN_ENUM_CONVERSION = YES;
				CLANG_WARN_INT_CONVERSION = YES;
				CLANG_WARN_OBJC_ROOT_CLASS = YES_ERROR;
				CLANG_WARN__DUPLICATE_METHOD_MATCH = YES;
				COPY_PHASE_STRIP = YES;
				DEBUG_INFORMATION_FORMAT = "dwarf-with-dsym";
				ENABLE_NS_ASSERTIONS = NO;
				GCC_C_LANGUAGE_STANDARD = gnu99;
				GCC_ENABLE_OBJC_EXCEPTIONS = YES;
				GCC_WARN_64_TO_32_BIT_CONVERSION = YES;
				GCC_WARN_ABOUT_RETURN_TYPE = YES_ERROR;
				GCC_WARN_UNDECLARED_SELECTOR = YES;
				GCC_WARN_UNINITIALIZED_AUTOS = YES_AGGRESSIVE;
				GCC_WARN_UNUSED_FUNCTION = YES;
				GCC_WARN_UNUSED_VARIABLE = YES;
				MACOSX_DEPLOYMENT_TARGET = 10.9;
				SDKROOT = macosx;
			};
			name = Release;
		};
		3272AE241DF2974E003E56FA /* Debug */ = {
			isa = XCBuildConfiguration;
			buildSettings = {
				HEADER_SEARCH_PATHS = (
					"$(inherited)",
					/usr/local/include,
					/Applications/Xcode.app/Contents/Developer/Toolchains/XcodeDefault.xctoolchain/usr/include,
				);
				LIBRARY_SEARCH_PATHS = /usr/local/lib;
				OTHER_CFLAGS = "-lm";
				PRODUCT_NAME = "$(TARGET_NAME)";
			};
			name = Debug;
		};
		3272AE251DF2974E003E56FA /* Release */ = {
			isa = XCBuildConfiguration;
			buildSettings = {
				HEADER_SEARCH_PATHS = (
					"$(inherited)",
					/usr/local/include,
					/Applications/Xcode.app/Contents/Developer/Toolchains/XcodeDefault.xctoolchain/usr/include,
				);
				LIBRARY_SEARCH_PATHS = /usr/local/lib;
				OTHER_CFLAGS = "-lm";
				PRODUCT_NAME = "$(TARGET_NAME)";
			};
			name = Release;
		};
/* End XCBuildConfiguration section */

/* Begin XCConfigurationList section */
		3272AE151DF2974E003E56FA /* Build configuration list for PBXProject "OpenGLSample" */ = {
			isa = XCConfigurationList;
			buildConfigurations = (
				3272AE211DF2974E003E56FA /* Debug */,
				3272AE221DF2974E003E56FA /* Release */,
			);
			defaultConfigurationIsVisible = 0;
			defaultConfigurationName = Release;
		};
		3272AE231DF2974E003E56FA /* Build configuration list for PBXNativeTarget "OpenGLSample" */ = {
			isa = XCConfigurationList;
			buildConfigurations = (
				3272AE241DF2974E003E56FA /* Debug */,
				3272AE251DF2974E003E56FA /* Release */,
			);
			defaultConfigurationIsVisible = 0;
			defaultConfigurationName = Release;
		};
/* End XCConfigurationList section */
	};
	rootObject = 3272AE121DF2974E003E56FA /* Project object */;
}
